
Microsoft Visual Studio Solution File, Format Version 12.00
# Visual Studio Version 16
VisualStudioVersion = 16.0.29926.136
MinimumVisualStudioVersion = 10.0.40219.1
Project("{FAE04EC0-301F-11D3-BF4B-00C04F79EFBC}") = "URI 1159 Soma de Pares Consecutivos", "URI 1159 Soma de Pares Consecutivos\URI 1159 Soma de Pares Consecutivos.csproj", "{4A458E64-B397-4858-8CFE-FDEA11E600CE}"
EndProject
Global
	GlobalSection(SolutionConfigurationPlatforms) = preSolution
		Debug|Any CPU = Debug|Any CPU
		Release|Any CPU = Release|Any CPU
	EndGlobalSection
	GlobalSection(ProjectConfigurationPlatforms) = postSolution
		{4A458E64-B397-4858-8CFE-FDEA11E600CE}.Debug|Any CPU.ActiveCfg = Debug|Any CPU
		{4A458E64-B397-4858-8CFE-FDEA11E600CE}.Debug|Any CPU.Build.0 = Debug|Any CPU
		{4A458E64-B397-4858-8CFE-FDEA11E600CE}.Release|Any CPU.ActiveCfg = Release|Any CPU
		{4A458E64-B397-4858-8CFE-FDEA11E600CE}.Release|Any CPU.Build.0 = Release|Any CPU
	EndGlobalSection
	GlobalSection(SolutionProperties) = preSolution
		HideSolutionNode = FALSE
	EndGlobalSection
	GlobalSection(ExtensibilityGlobals) = postSolution
		SolutionGuid = {00C0A702-6E21-4D36-A344-5270BBD3F002}
	EndGlobalSection
EndGlobal
