
Microsoft Visual Studio Solution File, Format Version 12.00
# Visual Studio Version 16
VisualStudioVersion = 16.0.29926.136
MinimumVisualStudioVersion = 10.0.40219.1
Project("{FAE04EC0-301F-11D3-BF4B-00C04F79EFBC}") = "URI 1072 Intervalo 2", "URI 1072 Intervalo 2\URI 1072 Intervalo 2.csproj", "{99B21988-2854-4181-8BD1-603E3B47DD21}"
EndProject
Global
	GlobalSection(SolutionConfigurationPlatforms) = preSolution
		Debug|Any CPU = Debug|Any CPU
		Release|Any CPU = Release|Any CPU
	EndGlobalSection
	GlobalSection(ProjectConfigurationPlatforms) = postSolution
		{99B21988-2854-4181-8BD1-603E3B47DD21}.Debug|Any CPU.ActiveCfg = Debug|Any CPU
		{99B21988-2854-4181-8BD1-603E3B47DD21}.Debug|Any CPU.Build.0 = Debug|Any CPU
		{99B21988-2854-4181-8BD1-603E3B47DD21}.Release|Any CPU.ActiveCfg = Release|Any CPU
		{99B21988-2854-4181-8BD1-603E3B47DD21}.Release|Any CPU.Build.0 = Release|Any CPU
	EndGlobalSection
	GlobalSection(SolutionProperties) = preSolution
		HideSolutionNode = FALSE
	EndGlobalSection
	GlobalSection(ExtensibilityGlobals) = postSolution
		SolutionGuid = {8CD743A0-E434-45FF-99B4-B2B784D9450A}
	EndGlobalSection
EndGlobal
