
Microsoft Visual Studio Solution File, Format Version 12.00
# Visual Studio Version 16
VisualStudioVersion = 16.0.30002.166
MinimumVisualStudioVersion = 10.0.40219.1
Project("{FAE04EC0-301F-11D3-BF4B-00C04F79EFBC}") = "URI 1094 Experiências", "URI 1094 Experiências\URI 1094 Experiências.csproj", "{F544E944-7E39-479B-A92C-FFE20BE27D01}"
EndProject
Global
	GlobalSection(SolutionConfigurationPlatforms) = preSolution
		Debug|Any CPU = Debug|Any CPU
		Release|Any CPU = Release|Any CPU
	EndGlobalSection
	GlobalSection(ProjectConfigurationPlatforms) = postSolution
		{F544E944-7E39-479B-A92C-FFE20BE27D01}.Debug|Any CPU.ActiveCfg = Debug|Any CPU
		{F544E944-7E39-479B-A92C-FFE20BE27D01}.Debug|Any CPU.Build.0 = Debug|Any CPU
		{F544E944-7E39-479B-A92C-FFE20BE27D01}.Release|Any CPU.ActiveCfg = Release|Any CPU
		{F544E944-7E39-479B-A92C-FFE20BE27D01}.Release|Any CPU.Build.0 = Release|Any CPU
	EndGlobalSection
	GlobalSection(SolutionProperties) = preSolution
		HideSolutionNode = FALSE
	EndGlobalSection
	GlobalSection(ExtensibilityGlobals) = postSolution
		SolutionGuid = {2F3FD6E4-A057-4EA2-A1EA-E20813591F54}
	EndGlobalSection
EndGlobal
