
Microsoft Visual Studio Solution File, Format Version 12.00
# Visual Studio Version 16
VisualStudioVersion = 16.0.30002.166
MinimumVisualStudioVersion = 10.0.40219.1
Project("{FAE04EC0-301F-11D3-BF4B-00C04F79EFBC}") = "URI 1145 Sequência Lógica 2", "URI 1145 Sequência Lógica 2\URI 1145 Sequência Lógica 2.csproj", "{498A704E-9411-4FAD-9266-D25C8D89368C}"
EndProject
Global
	GlobalSection(SolutionConfigurationPlatforms) = preSolution
		Debug|Any CPU = Debug|Any CPU
		Release|Any CPU = Release|Any CPU
	EndGlobalSection
	GlobalSection(ProjectConfigurationPlatforms) = postSolution
		{498A704E-9411-4FAD-9266-D25C8D89368C}.Debug|Any CPU.ActiveCfg = Debug|Any CPU
		{498A704E-9411-4FAD-9266-D25C8D89368C}.Debug|Any CPU.Build.0 = Debug|Any CPU
		{498A704E-9411-4FAD-9266-D25C8D89368C}.Release|Any CPU.ActiveCfg = Release|Any CPU
		{498A704E-9411-4FAD-9266-D25C8D89368C}.Release|Any CPU.Build.0 = Release|Any CPU
	EndGlobalSection
	GlobalSection(SolutionProperties) = preSolution
		HideSolutionNode = FALSE
	EndGlobalSection
	GlobalSection(ExtensibilityGlobals) = postSolution
		SolutionGuid = {912D18F4-A898-45C7-875C-E9F3E112ED35}
	EndGlobalSection
EndGlobal
