
Microsoft Visual Studio Solution File, Format Version 12.00
# Visual Studio Version 16
VisualStudioVersion = 16.0.29926.136
MinimumVisualStudioVersion = 10.0.40219.1
Project("{FAE04EC0-301F-11D3-BF4B-00C04F79EFBC}") = "URI 1114 Senha Fixa", "URI 1114 Senha Fixa\URI 1114 Senha Fixa.csproj", "{BBD7E9FD-CAD8-4713-BCF5-124F3B4494C3}"
EndProject
Global
	GlobalSection(SolutionConfigurationPlatforms) = preSolution
		Debug|Any CPU = Debug|Any CPU
		Release|Any CPU = Release|Any CPU
	EndGlobalSection
	GlobalSection(ProjectConfigurationPlatforms) = postSolution
		{BBD7E9FD-CAD8-4713-BCF5-124F3B4494C3}.Debug|Any CPU.ActiveCfg = Debug|Any CPU
		{BBD7E9FD-CAD8-4713-BCF5-124F3B4494C3}.Debug|Any CPU.Build.0 = Debug|Any CPU
		{BBD7E9FD-CAD8-4713-BCF5-124F3B4494C3}.Release|Any CPU.ActiveCfg = Release|Any CPU
		{BBD7E9FD-CAD8-4713-BCF5-124F3B4494C3}.Release|Any CPU.Build.0 = Release|Any CPU
	EndGlobalSection
	GlobalSection(SolutionProperties) = preSolution
		HideSolutionNode = FALSE
	EndGlobalSection
	GlobalSection(ExtensibilityGlobals) = postSolution
		SolutionGuid = {E9446484-084E-4C4B-B846-0F474C4FF272}
	EndGlobalSection
EndGlobal
